
Microsoft Visual Studio Solution File, Format Version 12.00
# Visual Studio 15
Project("{FAE04EC0-301F-11D3-BF4B-00C04F79EFBC}") = "MapboxTest", "Assembly-CSharp.csproj", "{C79ECD27-087A-CFB6-44F3-0A1B80AB2146}"
EndProject
Project("{FAE04EC0-301F-11D3-BF4B-00C04F79EFBC}") = "MapboxTest", "Assembly-CSharp-firstpass.csproj", "{342D54CC-6A1B-FCD1-FA08-B26C3DC5F93B}"
EndProject
Project("{FAE04EC0-301F-11D3-BF4B-00C04F79EFBC}") = "MapboxTest", "Assembly-CSharp-Editor.csproj", "{1149B9FE-CD32-C642-9A7C-8DF3ECFACFC0}"
EndProject
Project("{FAE04EC0-301F-11D3-BF4B-00C04F79EFBC}") = "MapboxTest", "Assembly-CSharp-Editor-firstpass.csproj", "{D090EF5B-DB05-9DBC-F28E-CBC16753872A}"
EndProject
Global
	GlobalSection(SolutionConfigurationPlatforms) = preSolution
		Debug|Any CPU = Debug|Any CPU
		Release|Any CPU = Release|Any CPU
	EndGlobalSection
	GlobalSection(ProjectConfigurationPlatforms) = postSolution
		{C79ECD27-087A-CFB6-44F3-0A1B80AB2146}.Debug|Any CPU.ActiveCfg = Debug|Any CPU
		{C79ECD27-087A-CFB6-44F3-0A1B80AB2146}.Debug|Any CPU.Build.0 = Debug|Any CPU
		{C79ECD27-087A-CFB6-44F3-0A1B80AB2146}.Release|Any CPU.ActiveCfg = Release|Any CPU
		{C79ECD27-087A-CFB6-44F3-0A1B80AB2146}.Release|Any CPU.Build.0 = Release|Any CPU
		{342D54CC-6A1B-FCD1-FA08-B26C3DC5F93B}.Debug|Any CPU.ActiveCfg = Debug|Any CPU
		{342D54CC-6A1B-FCD1-FA08-B26C3DC5F93B}.Debug|Any CPU.Build.0 = Debug|Any CPU
		{342D54CC-6A1B-FCD1-FA08-B26C3DC5F93B}.Release|Any CPU.ActiveCfg = Release|Any CPU
		{342D54CC-6A1B-FCD1-FA08-B26C3DC5F93B}.Release|Any CPU.Build.0 = Release|Any CPU
		{1149B9FE-CD32-C642-9A7C-8DF3ECFACFC0}.Debug|Any CPU.ActiveCfg = Debug|Any CPU
		{1149B9FE-CD32-C642-9A7C-8DF3ECFACFC0}.Debug|Any CPU.Build.0 = Debug|Any CPU
		{1149B9FE-CD32-C642-9A7C-8DF3ECFACFC0}.Release|Any CPU.ActiveCfg = Release|Any CPU
		{1149B9FE-CD32-C642-9A7C-8DF3ECFACFC0}.Release|Any CPU.Build.0 = Release|Any CPU
		{D090EF5B-DB05-9DBC-F28E-CBC16753872A}.Debug|Any CPU.ActiveCfg = Debug|Any CPU
		{D090EF5B-DB05-9DBC-F28E-CBC16753872A}.Debug|Any CPU.Build.0 = Debug|Any CPU
		{D090EF5B-DB05-9DBC-F28E-CBC16753872A}.Release|Any CPU.ActiveCfg = Release|Any CPU
		{D090EF5B-DB05-9DBC-F28E-CBC16753872A}.Release|Any CPU.Build.0 = Release|Any CPU
	EndGlobalSection
	GlobalSection(SolutionProperties) = preSolution
		HideSolutionNode = FALSE
	EndGlobalSection
EndGlobal
